// !$*UTF8*$!
{
	archiveVersion = 1;
	classes = {
	};
	objectVersion = 46;
	objects = {

/* Begin PBXBuildFile section */
		096859BB1DF2DF9F005756D9 /* Assets.xcassets in Resources */ = {isa = PBXBuildFile; fileRef = 096859AD1DF2DF9F005756D9 /* Assets.xcassets */; };
		096859BC1DF2DF9F005756D9 /* AppDelegate.swift in Sources */ = {isa = PBXBuildFile; fileRef = 096859AF1DF2DF9F005756D9 /* AppDelegate.swift */; };
		096859BD1DF2DF9F005756D9 /* LaunchScreen.storyboard in Resources */ = {isa = PBXBuildFile; fileRef = 096859B21DF2DF9F005756D9 /* LaunchScreen.storyboard */; };
		096859BE1DF2DF9F005756D9 /* Main.storyboard in Resources */ = {isa = PBXBuildFile; fileRef = 096859B41DF2DF9F005756D9 /* Main.storyboard */; };
		096859C01DF2DF9F005756D9 /* ViewController.swift in Sources */ = {isa = PBXBuildFile; fileRef = 096859B91DF2DF9F005756D9 /* ViewController.swift */; };
		096859C21DF2E2E8005756D9 /* VideoFrame.swift in Sources */ = {isa = PBXBuildFile; fileRef = 096859C11DF2E2E8005756D9 /* VideoFrame.swift */; };
		096859C41DF2E375005756D9 /* VideoFrameTests.swift in Sources */ = {isa = PBXBuildFile; fileRef = 096859C31DF2E375005756D9 /* VideoFrameTests.swift */; };
		096859C51DF2E609005756D9 /* Assets.xcassets in Resources */ = {isa = PBXBuildFile; fileRef = 096859AD1DF2DF9F005756D9 /* Assets.xcassets */; };
		096859CA1DF32C45005756D9 /* CarouselLayout.swift in Sources */ = {isa = PBXBuildFile; fileRef = 096859C91DF32C45005756D9 /* CarouselLayout.swift */; };
		096859CC1DF32CCF005756D9 /* VideoFrameProvider.swift in Sources */ = {isa = PBXBuildFile; fileRef = 096859CB1DF32CCF005756D9 /* VideoFrameProvider.swift */; };
		096859CE1DF32D26005756D9 /* VideoFrameProviderTests.swift in Sources */ = {isa = PBXBuildFile; fileRef = 096859CD1DF32D26005756D9 /* VideoFrameProviderTests.swift */; };
		096859D01DF33737005756D9 /* VideoFrameCell.swift in Sources */ = {isa = PBXBuildFile; fileRef = 096859CF1DF33737005756D9 /* VideoFrameCell.swift */; };
		096859D21DF33758005756D9 /* VideoFrameCell.xib in Resources */ = {isa = PBXBuildFile; fileRef = 096859D11DF33758005756D9 /* VideoFrameCell.xib */; };
		09BE79A01DF40F3D005E768C /* VideoFramesViewModel.swift in Sources */ = {isa = PBXBuildFile; fileRef = 09BE799F1DF40F3D005E768C /* VideoFramesViewModel.swift */; };
		09BE79A41DF41122005E768C /* Constants.swift in Sources */ = {isa = PBXBuildFile; fileRef = 09BE79A21DF41122005E768C /* Constants.swift */; };
		09BE79A51DF41122005E768C /* UIColor+Helpers.swift in Sources */ = {isa = PBXBuildFile; fileRef = 09BE79A31DF41122005E768C /* UIColor+Helpers.swift */; };
/* End PBXBuildFile section */

/* Begin PBXContainerItemProxy section */
		0968599F1DF2DF56005756D9 /* PBXContainerItemProxy */ = {
			isa = PBXContainerItemProxy;
			containerPortal = 096859821DF2DF55005756D9 /* Project object */;
			proxyType = 1;
			remoteGlobalIDString = 096859891DF2DF55005756D9;
			remoteInfo = VideoCarousel;
		};
/* End PBXContainerItemProxy section */

/* Begin PBXFileReference section */
		0968598A1DF2DF55005756D9 /* VideoCarousel.app */ = {isa = PBXFileReference; explicitFileType = wrapper.application; includeInIndex = 0; path = VideoCarousel.app; sourceTree = BUILT_PRODUCTS_DIR; };
		0968599E1DF2DF56005756D9 /* VideoCarouselTests.xctest */ = {isa = PBXFileReference; explicitFileType = wrapper.cfbundle; includeInIndex = 0; path = VideoCarouselTests.xctest; sourceTree = BUILT_PRODUCTS_DIR; };
		096859A41DF2DF56005756D9 /* Info.plist */ = {isa = PBXFileReference; lastKnownFileType = text.plist.xml; path = Info.plist; sourceTree = "<group>"; };
		096859AD1DF2DF9F005756D9 /* Assets.xcassets */ = {isa = PBXFileReference; lastKnownFileType = folder.assetcatalog; path = Assets.xcassets; sourceTree = "<group>"; };
		096859AF1DF2DF9F005756D9 /* AppDelegate.swift */ = {isa = PBXFileReference; fileEncoding = 4; lastKnownFileType = sourcecode.swift; path = AppDelegate.swift; sourceTree = "<group>"; };
		096859B31DF2DF9F005756D9 /* Base */ = {isa = PBXFileReference; lastKnownFileType = file.storyboard; name = Base; path = Base.lproj/LaunchScreen.storyboard; sourceTree = "<group>"; };
		096859B51DF2DF9F005756D9 /* Base */ = {isa = PBXFileReference; lastKnownFileType = file.storyboard; name = Base; path = Base.lproj/Main.storyboard; sourceTree = "<group>"; };
		096859B71DF2DF9F005756D9 /* Info.plist */ = {isa = PBXFileReference; fileEncoding = 4; lastKnownFileType = text.plist.xml; path = Info.plist; sourceTree = "<group>"; };
		096859B91DF2DF9F005756D9 /* ViewController.swift */ = {isa = PBXFileReference; fileEncoding = 4; lastKnownFileType = sourcecode.swift; path = ViewController.swift; sourceTree = "<group>"; };
		096859C11DF2E2E8005756D9 /* VideoFrame.swift */ = {isa = PBXFileReference; fileEncoding = 4; lastKnownFileType = sourcecode.swift; path = VideoFrame.swift; sourceTree = "<group>"; };
		096859C31DF2E375005756D9 /* VideoFrameTests.swift */ = {isa = PBXFileReference; fileEncoding = 4; lastKnownFileType = sourcecode.swift; path = VideoFrameTests.swift; sourceTree = "<group>"; };
		096859C91DF32C45005756D9 /* CarouselLayout.swift */ = {isa = PBXFileReference; fileEncoding = 4; lastKnownFileType = sourcecode.swift; path = CarouselLayout.swift; sourceTree = "<group>"; };
		096859CB1DF32CCF005756D9 /* VideoFrameProvider.swift */ = {isa = PBXFileReference; fileEncoding = 4; lastKnownFileType = sourcecode.swift; path = VideoFrameProvider.swift; sourceTree = "<group>"; };
		096859CD1DF32D26005756D9 /* VideoFrameProviderTests.swift */ = {isa = PBXFileReference; fileEncoding = 4; lastKnownFileType = sourcecode.swift; path = VideoFrameProviderTests.swift; sourceTree = "<group>"; };
		096859CF1DF33737005756D9 /* VideoFrameCell.swift */ = {isa = PBXFileReference; fileEncoding = 4; lastKnownFileType = sourcecode.swift; path = VideoFrameCell.swift; sourceTree = "<group>"; };
		096859D11DF33758005756D9 /* VideoFrameCell.xib */ = {isa = PBXFileReference; fileEncoding = 4; lastKnownFileType = file.xib; path = VideoFrameCell.xib; sourceTree = "<group>"; };
		09BE799F1DF40F3D005E768C /* VideoFramesViewModel.swift */ = {isa = PBXFileReference; fileEncoding = 4; lastKnownFileType = sourcecode.swift; path = VideoFramesViewModel.swift; sourceTree = "<group>"; };
		09BE79A21DF41122005E768C /* Constants.swift */ = {isa = PBXFileReference; fileEncoding = 4; lastKnownFileType = sourcecode.swift; path = Constants.swift; sourceTree = "<group>"; };
		09BE79A31DF41122005E768C /* UIColor+Helpers.swift */ = {isa = PBXFileReference; fileEncoding = 4; lastKnownFileType = sourcecode.swift; path = "UIColor+Helpers.swift"; sourceTree = "<group>"; };
/* End PBXFileReference section */

/* Begin PBXFrameworksBuildPhase section */
		096859871DF2DF55005756D9 /* Frameworks */ = {
			isa = PBXFrameworksBuildPhase;
			buildActionMask = 2147483647;
			files = (
			);
			runOnlyForDeploymentPostprocessing = 0;
		};
		0968599B1DF2DF56005756D9 /* Frameworks */ = {
			isa = PBXFrameworksBuildPhase;
			buildActionMask = 2147483647;
			files = (
			);
			runOnlyForDeploymentPostprocessing = 0;
		};
/* End PBXFrameworksBuildPhase section */

/* Begin PBXGroup section */
		096859811DF2DF55005756D9 = {
			isa = PBXGroup;
			children = (
				0968598C1DF2DF55005756D9 /* VideoCarousel */,
				096859A11DF2DF56005756D9 /* VideoCarouselTests */,
				0968598B1DF2DF55005756D9 /* Products */,
			);
			sourceTree = "<group>";
		};
		0968598B1DF2DF55005756D9 /* Products */ = {
			isa = PBXGroup;
			children = (
				0968598A1DF2DF55005756D9 /* VideoCarousel.app */,
				0968599E1DF2DF56005756D9 /* VideoCarouselTests.xctest */,
			);
			name = Products;
			sourceTree = "<group>";
		};
		0968598C1DF2DF55005756D9 /* VideoCarousel */ = {
			isa = PBXGroup;
			children = (
				09BE79A11DF410FA005E768C /* Helpers */,
				096859AE1DF2DF9F005756D9 /* Classes */,
				096859B01DF2DF9F005756D9 /* Models */,
				096859B81DF2DF9F005756D9 /* ViewControllers */,
				096859C81DF32C1B005756D9 /* Views */,
				096859BA1DF2DF9F005756D9 /* ViewModels */,
				096859AD1DF2DF9F005756D9 /* Assets.xcassets */,
				096859B11DF2DF9F005756D9 /* Storyboards */,
				096859B61DF2DF9F005756D9 /* Supporting Files */,
			);
			path = VideoCarousel;
			sourceTree = "<group>";
		};
		096859A11DF2DF56005756D9 /* VideoCarouselTests */ = {
			isa = PBXGroup;
			children = (
				096859A41DF2DF56005756D9 /* Info.plist */,
				096859C31DF2E375005756D9 /* VideoFrameTests.swift */,
				096859CD1DF32D26005756D9 /* VideoFrameProviderTests.swift */,
			);
			path = VideoCarouselTests;
			sourceTree = "<group>";
		};
		096859AE1DF2DF9F005756D9 /* Classes */ = {
			isa = PBXGroup;
			children = (
				096859AF1DF2DF9F005756D9 /* AppDelegate.swift */,
				096859C91DF32C45005756D9 /* CarouselLayout.swift */,
				096859CB1DF32CCF005756D9 /* VideoFrameProvider.swift */,
			);
			path = Classes;
			sourceTree = "<group>";
		};
		096859B01DF2DF9F005756D9 /* Models */ = {
			isa = PBXGroup;
			children = (
				096859C11DF2E2E8005756D9 /* VideoFrame.swift */,
			);
			path = Models;
			sourceTree = "<group>";
		};
		096859B11DF2DF9F005756D9 /* Storyboards */ = {
			isa = PBXGroup;
			children = (
				096859B21DF2DF9F005756D9 /* LaunchScreen.storyboard */,
				096859B41DF2DF9F005756D9 /* Main.storyboard */,
			);
			path = Storyboards;
			sourceTree = "<group>";
		};
		096859B61DF2DF9F005756D9 /* Supporting Files */ = {
			isa = PBXGroup;
			children = (
				096859B71DF2DF9F005756D9 /* Info.plist */,
			);
			path = "Supporting Files";
			sourceTree = "<group>";
		};
		096859B81DF2DF9F005756D9 /* ViewControllers */ = {
			isa = PBXGroup;
			children = (
				096859B91DF2DF9F005756D9 /* ViewController.swift */,
			);
			path = ViewControllers;
			sourceTree = "<group>";
		};
		096859BA1DF2DF9F005756D9 /* ViewModels */ = {
			isa = PBXGroup;
			children = (
				09BE799F1DF40F3D005E768C /* VideoFramesViewModel.swift */,
			);
			path = ViewModels;
			sourceTree = "<group>";
		};
		096859C81DF32C1B005756D9 /* Views */ = {
			isa = PBXGroup;
			children = (
				096859CF1DF33737005756D9 /* VideoFrameCell.swift */,
				096859D11DF33758005756D9 /* VideoFrameCell.xib */,
			);
			path = Views;
			sourceTree = "<group>";
		};
		09BE79A11DF410FA005E768C /* Helpers */ = {
			isa = PBXGroup;
			children = (
				09BE79A21DF41122005E768C /* Constants.swift */,
				09BE79A31DF41122005E768C /* UIColor+Helpers.swift */,
			);
			path = Helpers;
			sourceTree = "<group>";
		};
/* End PBXGroup section */

/* Begin PBXNativeTarget section */
		096859891DF2DF55005756D9 /* VideoCarousel */ = {
			isa = PBXNativeTarget;
			buildConfigurationList = 096859A71DF2DF56005756D9 /* Build configuration list for PBXNativeTarget "VideoCarousel" */;
			buildPhases = (
				096859861DF2DF55005756D9 /* Sources */,
				096859871DF2DF55005756D9 /* Frameworks */,
				096859881DF2DF55005756D9 /* Resources */,
			);
			buildRules = (
			);
			dependencies = (
			);
			name = VideoCarousel;
			productName = VideoCarousel;
			productReference = 0968598A1DF2DF55005756D9 /* VideoCarousel.app */;
			productType = "com.apple.product-type.application";
		};
		0968599D1DF2DF56005756D9 /* VideoCarouselTests */ = {
			isa = PBXNativeTarget;
			buildConfigurationList = 096859AA1DF2DF56005756D9 /* Build configuration list for PBXNativeTarget "VideoCarouselTests" */;
			buildPhases = (
				0968599A1DF2DF56005756D9 /* Sources */,
				0968599B1DF2DF56005756D9 /* Frameworks */,
				0968599C1DF2DF56005756D9 /* Resources */,
			);
			buildRules = (
			);
			dependencies = (
				096859A01DF2DF56005756D9 /* PBXTargetDependency */,
			);
			name = VideoCarouselTests;
			productName = VideoCarouselTests;
			productReference = 0968599E1DF2DF56005756D9 /* VideoCarouselTests.xctest */;
			productType = "com.apple.product-type.bundle.unit-test";
		};
/* End PBXNativeTarget section */

/* Begin PBXProject section */
		096859821DF2DF55005756D9 /* Project object */ = {
			isa = PBXProject;
			attributes = {
				LastSwiftUpdateCheck = 0810;
				LastUpgradeCheck = 0810;
				ORGANIZATIONNAME = "Danis Ziganshin";
				TargetAttributes = {
					096859891DF2DF55005756D9 = {
						CreatedOnToolsVersion = 8.1;
						DevelopmentTeam = XMSU8WJG5R;
						ProvisioningStyle = Automatic;
					};
					0968599D1DF2DF56005756D9 = {
						CreatedOnToolsVersion = 8.1;
						DevelopmentTeam = XMSU8WJG5R;
						LastSwiftMigration = 0810;
						ProvisioningStyle = Automatic;
						TestTargetID = 096859891DF2DF55005756D9;
					};
				};
			};
			buildConfigurationList = 096859851DF2DF55005756D9 /* Build configuration list for PBXProject "VideoCarousel" */;
			compatibilityVersion = "Xcode 3.2";
			developmentRegion = English;
			hasScannedForEncodings = 0;
			knownRegions = (
				en,
				Base,
			);
			mainGroup = 096859811DF2DF55005756D9;
			productRefGroup = 0968598B1DF2DF55005756D9 /* Products */;
			projectDirPath = "";
			projectRoot = "";
			targets = (
				096859891DF2DF55005756D9 /* VideoCarousel */,
				0968599D1DF2DF56005756D9 /* VideoCarouselTests */,
			);
		};
/* End PBXProject section */

/* Begin PBXResourcesBuildPhase section */
		096859881DF2DF55005756D9 /* Resources */ = {
			isa = PBXResourcesBuildPhase;
			buildActionMask = 2147483647;
			files = (
				096859BE1DF2DF9F005756D9 /* Main.storyboard in Resources */,
				096859D21DF33758005756D9 /* VideoFrameCell.xib in Resources */,
				096859BB1DF2DF9F005756D9 /* Assets.xcassets in Resources */,
				096859BD1DF2DF9F005756D9 /* LaunchScreen.storyboard in Resources */,
			);
			runOnlyForDeploymentPostprocessing = 0;
		};
		0968599C1DF2DF56005756D9 /* Resources */ = {
			isa = PBXResourcesBuildPhase;
			buildActionMask = 2147483647;
			files = (
				096859C51DF2E609005756D9 /* Assets.xcassets in Resources */,
			);
			runOnlyForDeploymentPostprocessing = 0;
		};
/* End PBXResourcesBuildPhase section */

/* Begin PBXSourcesBuildPhase section */
		096859861DF2DF55005756D9 /* Sources */ = {
			isa = PBXSourcesBuildPhase;
			buildActionMask = 2147483647;
			files = (
				096859C01DF2DF9F005756D9 /* ViewController.swift in Sources */,
				096859D01DF33737005756D9 /* VideoFrameCell.swift in Sources */,
				096859CA1DF32C45005756D9 /* CarouselLayout.swift in Sources */,
				096859C21DF2E2E8005756D9 /* VideoFrame.swift in Sources */,
				09BE79A51DF41122005E768C /* UIColor+Helpers.swift in Sources */,
				096859CC1DF32CCF005756D9 /* VideoFrameProvider.swift in Sources */,
				096859BC1DF2DF9F005756D9 /* AppDelegate.swift in Sources */,
				09BE79A01DF40F3D005E768C /* VideoFramesViewModel.swift in Sources */,
				09BE79A41DF41122005E768C /* Constants.swift in Sources */,
			);
			runOnlyForDeploymentPostprocessing = 0;
		};
		0968599A1DF2DF56005756D9 /* Sources */ = {
			isa = PBXSourcesBuildPhase;
			buildActionMask = 2147483647;
			files = (
				096859CE1DF32D26005756D9 /* VideoFrameProviderTests.swift in Sources */,
				096859C41DF2E375005756D9 /* VideoFrameTests.swift in Sources */,
			);
			runOnlyForDeploymentPostprocessing = 0;
		};
/* End PBXSourcesBuildPhase section */

/* Begin PBXTargetDependency section */
		096859A01DF2DF56005756D9 /* PBXTargetDependency */ = {
			isa = PBXTargetDependency;
			target = 096859891DF2DF55005756D9 /* VideoCarousel */;
			targetProxy = 0968599F1DF2DF56005756D9 /* PBXContainerItemProxy */;
		};
/* End PBXTargetDependency section */

/* Begin PBXVariantGroup section */
		096859B21DF2DF9F005756D9 /* LaunchScreen.storyboard */ = {
			isa = PBXVariantGroup;
			children = (
				096859B31DF2DF9F005756D9 /* Base */,
			);
			name = LaunchScreen.storyboard;
			sourceTree = "<group>";
		};
		096859B41DF2DF9F005756D9 /* Main.storyboard */ = {
			isa = PBXVariantGroup;
			children = (
				096859B51DF2DF9F005756D9 /* Base */,
			);
			name = Main.storyboard;
			sourceTree = "<group>";
		};
/* End PBXVariantGroup section */

/* Begin XCBuildConfiguration section */
		096859A51DF2DF56005756D9 /* Debug */ = {
			isa = XCBuildConfiguration;
			buildSettings = {
				ALWAYS_SEARCH_USER_PATHS = NO;
				CLANG_ANALYZER_NONNULL = YES;
				CLANG_CXX_LANGUAGE_STANDARD = "gnu++0x";
				CLANG_CXX_LIBRARY = "libc++";
				CLANG_ENABLE_MODULES = YES;
				CLANG_ENABLE_OBJC_ARC = YES;
				CLANG_WARN_BOOL_CONVERSION = YES;
				CLANG_WARN_CONSTANT_CONVERSION = YES;
				CLANG_WARN_DIRECT_OBJC_ISA_USAGE = YES_ERROR;
				CLANG_WARN_DOCUMENTATION_COMMENTS = YES;
				CLANG_WARN_EMPTY_BODY = YES;
				CLANG_WARN_ENUM_CONVERSION = YES;
				CLANG_WARN_INFINITE_RECURSION = YES;
				CLANG_WARN_INT_CONVERSION = YES;
				CLANG_WARN_OBJC_ROOT_CLASS = YES_ERROR;
				CLANG_WARN_SUSPICIOUS_MOVES = YES;
				CLANG_WARN_UNREACHABLE_CODE = YES;
				CLANG_WARN__DUPLICATE_METHOD_MATCH = YES;
				"CODE_SIGN_IDENTITY[sdk=iphoneos*]" = "iPhone Developer";
				COPY_PHASE_STRIP = NO;
				DEBUG_INFORMATION_FORMAT = dwarf;
				ENABLE_STRICT_OBJC_MSGSEND = YES;
				ENABLE_TESTABILITY = YES;
				GCC_C_LANGUAGE_STANDARD = gnu99;
				GCC_DYNAMIC_NO_PIC = NO;
				GCC_NO_COMMON_BLOCKS = YES;
				GCC_OPTIMIZATION_LEVEL = 0;
				GCC_PREPROCESSOR_DEFINITIONS = (
					"DEBUG=1",
					"$(inherited)",
				);
				GCC_WARN_64_TO_32_BIT_CONVERSION = YES;
				GCC_WARN_ABOUT_RETURN_TYPE = YES_ERROR;
				GCC_WARN_UNDECLARED_SELECTOR = YES;
				GCC_WARN_UNINITIALIZED_AUTOS = YES_AGGRESSIVE;
				GCC_WARN_UNUSED_FUNCTION = YES;
				GCC_WARN_UNUSED_VARIABLE = YES;
				IPHONEOS_DEPLOYMENT_TARGET = 10.1;
				MTL_ENABLE_DEBUG_INFO = YES;
				ONLY_ACTIVE_ARCH = YES;
				SDKROOT = iphoneos;
				SWIFT_ACTIVE_COMPILATION_CONDITIONS = DEBUG;
				SWIFT_OPTIMIZATION_LEVEL = "-Onone";
			};
			name = Debug;
		};
		096859A61DF2DF56005756D9 /* Release */ = {
			isa = XCBuildConfiguration;
			buildSettings = {
				ALWAYS_SEARCH_USER_PATHS = NO;
				CLANG_ANALYZER_NONNULL = YES;
				CLANG_CXX_LANGUAGE_STANDARD = "gnu++0x";
				CLANG_CXX_LIBRARY = "libc++";
				CLANG_ENABLE_MODULES = YES;
				CLANG_ENABLE_OBJC_ARC = YES;
				CLANG_WARN_BOOL_CONVERSION = YES;
				CLANG_WARN_CONSTANT_CONVERSION = YES;
				CLANG_WARN_DIRECT_OBJC_ISA_USAGE = YES_ERROR;
				CLANG_WARN_DOCUMENTATION_COMMENTS = YES;
				CLANG_WARN_EMPTY_BODY = YES;
				CLANG_WARN_ENUM_CONVERSION = YES;
				CLANG_WARN_INFINITE_RECURSION = YES;
				CLANG_WARN_INT_CONVERSION = YES;
				CLANG_WARN_OBJC_ROOT_CLASS = YES_ERROR;
				CLANG_WARN_SUSPICIOUS_MOVES = YES;
				CLANG_WARN_UNREACHABLE_CODE = YES;
				CLANG_WARN__DUPLICATE_METHOD_MATCH = YES;
				"CODE_SIGN_IDENTITY[sdk=iphoneos*]" = "iPhone Developer";
				COPY_PHASE_STRIP = NO;
				DEBUG_INFORMATION_FORMAT = "dwarf-with-dsym";
				ENABLE_NS_ASSERTIONS = NO;
				ENABLE_STRICT_OBJC_MSGSEND = YES;
				GCC_C_LANGUAGE_STANDARD = gnu99;
				GCC_NO_COMMON_BLOCKS = YES;
				GCC_WARN_64_TO_32_BIT_CONVERSION = YES;
				GCC_WARN_ABOUT_RETURN_TYPE = YES_ERROR;
				GCC_WARN_UNDECLARED_SELECTOR = YES;
				GCC_WARN_UNINITIALIZED_AUTOS = YES_AGGRESSIVE;
				GCC_WARN_UNUSED_FUNCTION = YES;
				GCC_WARN_UNUSED_VARIABLE = YES;
				IPHONEOS_DEPLOYMENT_TARGET = 10.1;
				MTL_ENABLE_DEBUG_INFO = NO;
				SDKROOT = iphoneos;
				SWIFT_OPTIMIZATION_LEVEL = "-Owholemodule";
				VALIDATE_PRODUCT = YES;
			};
			name = Release;
		};
		096859A81DF2DF56005756D9 /* Debug */ = {
			isa = XCBuildConfiguration;
			buildSettings = {
				ASSETCATALOG_COMPILER_APPICON_NAME = AppIcon;
				DEVELOPMENT_TEAM = XMSU8WJG5R;
				INFOPLIST_FILE = "VideoCarousel/Supporting Files/Info.plist";
				IPHONEOS_DEPLOYMENT_TARGET = 10.0;
				LD_RUNPATH_SEARCH_PATHS = "$(inherited) @executable_path/Frameworks";
				PRODUCT_BUNDLE_IDENTIFIER = com.zigdanis.VideoCarousel;
				PRODUCT_NAME = "$(TARGET_NAME)";
				SWIFT_VERSION = 3.0;
				TARGETED_DEVICE_FAMILY = 2;
			};
			name = Debug;
		};
		096859A91DF2DF56005756D9 /* Release */ = {
			isa = XCBuildConfiguration;
			buildSettings = {
				ASSETCATALOG_COMPILER_APPICON_NAME = AppIcon;
				DEVELOPMENT_TEAM = XMSU8WJG5R;
				INFOPLIST_FILE = "VideoCarousel/Supporting Files/Info.plist";
				IPHONEOS_DEPLOYMENT_TARGET = 10.0;
				LD_RUNPATH_SEARCH_PATHS = "$(inherited) @executable_path/Frameworks";
				PRODUCT_BUNDLE_IDENTIFIER = com.zigdanis.VideoCarousel;
				PRODUCT_NAME = "$(TARGET_NAME)";
				SWIFT_VERSION = 3.0;
				TARGETED_DEVICE_FAMILY = 2;
			};
			name = Release;
		};
		096859AB1DF2DF56005756D9 /* Debug */ = {
			isa = XCBuildConfiguration;
			buildSettings = {
				ALWAYS_EMBED_SWIFT_STANDARD_LIBRARIES = YES;
				BUNDLE_LOADER = "$(TEST_HOST)";
				CLANG_ENABLE_MODULES = YES;
				DEVELOPMENT_TEAM = XMSU8WJG5R;
				INFOPLIST_FILE = VideoCarouselTests/Info.plist;
				LD_RUNPATH_SEARCH_PATHS = "$(inherited) @executable_path/Frameworks @loader_path/Frameworks";
				PRODUCT_BUNDLE_IDENTIFIER = com.zigdanis.VideoCarouselTests;
				PRODUCT_NAME = "$(TARGET_NAME)";
				SWIFT_OPTIMIZATION_LEVEL = "-Onone";
				SWIFT_VERSION = 3.0;
				TEST_HOST = "$(BUILT_PRODUCTS_DIR)/VideoCarousel.app/VideoCarousel";
			};
			name = Debug;
		};
		096859AC1DF2DF56005756D9 /* Release */ = {
			isa = XCBuildConfiguration;
			buildSettings = {
				ALWAYS_EMBED_SWIFT_STANDARD_LIBRARIES = YES;
				BUNDLE_LOADER = "$(TEST_HOST)";
				CLANG_ENABLE_MODULES = YES;
				DEVELOPMENT_TEAM = XMSU8WJG5R;
				INFOPLIST_FILE = VideoCarouselTests/Info.plist;
				LD_RUNPATH_SEARCH_PATHS = "$(inherited) @executable_path/Frameworks @loader_path/Frameworks";
				PRODUCT_BUNDLE_IDENTIFIER = com.zigdanis.VideoCarouselTests;
				PRODUCT_NAME = "$(TARGET_NAME)";
				SWIFT_VERSION = 3.0;
				TEST_HOST = "$(BUILT_PRODUCTS_DIR)/VideoCarousel.app/VideoCarousel";
			};
			name = Release;
		};
/* End XCBuildConfiguration section */

/* Begin XCConfigurationList section */
		096859851DF2DF55005756D9 /* Build configuration list for PBXProject "VideoCarousel" */ = {
			isa = XCConfigurationList;
			buildConfigurations = (
				096859A51DF2DF56005756D9 /* Debug */,
				096859A61DF2DF56005756D9 /* Release */,
			);
			defaultConfigurationIsVisible = 0;
			defaultConfigurationName = Release;
		};
		096859A71DF2DF56005756D9 /* Build configuration list for PBXNativeTarget "VideoCarousel" */ = {
			isa = XCConfigurationList;
			buildConfigurations = (
				096859A81DF2DF56005756D9 /* Debug */,
				096859A91DF2DF56005756D9 /* Release */,
			);
			defaultConfigurationIsVisible = 0;
			defaultConfigurationName = Release;
		};
		096859AA1DF2DF56005756D9 /* Build configuration list for PBXNativeTarget "VideoCarouselTests" */ = {
			isa = XCConfigurationList;
			buildConfigurations = (
				096859AB1DF2DF56005756D9 /* Debug */,
				096859AC1DF2DF56005756D9 /* Release */,
			);
			defaultConfigurationIsVisible = 0;
			defaultConfigurationName = Release;
		};
/* End XCConfigurationList section */
	};
	rootObject = 096859821DF2DF55005756D9 /* Project object */;
}
